
Microsoft Visual Studio Solution File, Format Version 12.00
# Visual Studio Version 17
VisualStudioVersion = 17.9.34723.18
MinimumVisualStudioVersion = 10.0.40219.1
Project("{FAE04EC0-301F-11D3-BF4B-00C04F79EFBC}") = "UPC.EjemploAutenticacionAD", "UPC.EjemploAutenticacionAD\UPC.EjemploAutenticacionAD.csproj", "{9F353BC5-3BAD-4904-B3B4-DFD001DAB558}"
EndProject
Global
	GlobalSection(SolutionConfigurationPlatforms) = preSolution
		Debug|Any CPU = Debug|Any CPU
		Release|Any CPU = Release|Any CPU
	EndGlobalSection
	GlobalSection(ProjectConfigurationPlatforms) = postSolution
		{9F353BC5-3BAD-4904-B3B4-DFD001DAB558}.Debug|Any CPU.ActiveCfg = Debug|Any CPU
		{9F353BC5-3BAD-4904-B3B4-DFD001DAB558}.Debug|Any CPU.Build.0 = Debug|Any CPU
		{9F353BC5-3BAD-4904-B3B4-DFD001DAB558}.Release|Any CPU.ActiveCfg = Release|Any CPU
		{9F353BC5-3BAD-4904-B3B4-DFD001DAB558}.Release|Any CPU.Build.0 = Release|Any CPU
	EndGlobalSection
	GlobalSection(SolutionProperties) = preSolution
		HideSolutionNode = FALSE
	EndGlobalSection
	GlobalSection(ExtensibilityGlobals) = postSolution
		SolutionGuid = {CFFD93E5-5645-4647-B2E0-00C104F6A6F1}
	EndGlobalSection
EndGlobal
